
Microsoft Visual Studio Solution File, Format Version 12.00
# Visual Studio Version 16
VisualStudioVersion = 16.0.29230.47
MinimumVisualStudioVersion = 10.0.40219.1
Project("{FAE04EC0-301F-11D3-BF4B-00C04F79EFBC}") = "ClothBazar.Web", "ClothBazar.Web\ClothBazar.Web.csproj", "{042D076E-1752-4317-AE5C-5431F83972A9}"
EndProject
Global
	GlobalSection(SolutionConfigurationPlatforms) = preSolution
		Debug|Any CPU = Debug|Any CPU
		Release|Any CPU = Release|Any CPU
	EndGlobalSection
	GlobalSection(ProjectConfigurationPlatforms) = postSolution
		{042D076E-1752-4317-AE5C-5431F83972A9}.Debug|Any CPU.ActiveCfg = Debug|Any CPU
		{042D076E-1752-4317-AE5C-5431F83972A9}.Debug|Any CPU.Build.0 = Debug|Any CPU
		{042D076E-1752-4317-AE5C-5431F83972A9}.Release|Any CPU.ActiveCfg = Release|Any CPU
		{042D076E-1752-4317-AE5C-5431F83972A9}.Release|Any CPU.Build.0 = Release|Any CPU
	EndGlobalSection
	GlobalSection(SolutionProperties) = preSolution
		HideSolutionNode = FALSE
	EndGlobalSection
	GlobalSection(ExtensibilityGlobals) = postSolution
		SolutionGuid = {A61696D3-10EF-414C-AE2A-89165E420A2F}
	EndGlobalSection
EndGlobal
